
Microsoft Visual Studio Solution File, Format Version 12.00
# Visual Studio 15
VisualStudioVersion = 15.0.28010.2016
MinimumVisualStudioVersion = 10.0.40219.1
Project("{FAE04EC0-301F-11D3-BF4B-00C04F79EFBC}") = "LunaVK", "LunaVK_w10_a\LunaVK.csproj", "{5A006056-DE5D-4C1A-B0B6-DEF185B3EB09}"
	ProjectSection(ProjectDependencies) = postProject
		{9575DDA0-5D53-495F-8539-E8A397DB0EBD} = {9575DDA0-5D53-495F-8539-E8A397DB0EBD}
	EndProjectSection
EndProject
Project("{FAE04EC0-301F-11D3-BF4B-00C04F79EFBC}") = "ToastNotificationComponent", "ToastNotificationComponent\ToastNotificationComponent.csproj", "{AC3F2441-A0A3-4D9F-A35E-E2DEBB393C13}"
EndProject
Project("{FAE04EC0-301F-11D3-BF4B-00C04F79EFBC}") = "LunaVK.Core", "LunaVK.Core\LunaVK.Core.csproj", "{E98AC68F-08C1-4829-927C-A2D62CEFE0ED}"
EndProject
Project("{FAE04EC0-301F-11D3-BF4B-00C04F79EFBC}") = "RawNotificationBackgroundComponent", "RawNotificationBackgroundComponent\RawNotificationBackgroundComponent.csproj", "{62A6999F-9124-4A25-97FA-380FF756163A}"
EndProject
Project("{2150E333-8FDC-42A3-9474-1A3956D46DE8}") = "Opus", "Opus", "{CBA415FF-BE4E-443E-B388-F2ADC3935940}"
EndProject
Project("{8BC9CEB8-8B4A-11D0-8D11-00A0C91BC942}") = "opus", "OpusComponent\src\opus\opus.vcxproj", "{219EC965-228A-1824-174D-96449D05F88A}"
EndProject
Project("{8BC9CEB8-8B4A-11D0-8D11-00A0C91BC942}") = "opusfile", "OpusComponent\src\opusfile\opusfile.vcxproj", "{1A4B5203-52EB-4805-9511-84B1BD094FCA}"
EndProject
Project("{8BC9CEB8-8B4A-11D0-8D11-00A0C91BC942}") = "celt", "OpusComponent\src\celt\celt.vcxproj", "{245603E3-F580-41A5-9632-B25FE3372CBF}"
EndProject
Project("{8BC9CEB8-8B4A-11D0-8D11-00A0C91BC942}") = "silk_float", "OpusComponent\src\silk\silk_float.vcxproj", "{9C4961D2-5DDB-40C7-9BE8-CA918DC4E782}"
EndProject
Project("{8BC9CEB8-8B4A-11D0-8D11-00A0C91BC942}") = "silk_common", "OpusComponent\src\silk\silk_common.vcxproj", "{C303D2FC-FF97-49B8-9DDD-467B4C9A0B16}"
EndProject
Project("{8BC9CEB8-8B4A-11D0-8D11-00A0C91BC942}") = "silk_fixed", "OpusComponent\src\silk\silk_fixed.vcxproj", "{8484C90D-1561-402F-A91D-2DB10F8C5171}"
EndProject
Project("{8BC9CEB8-8B4A-11D0-8D11-00A0C91BC942}") = "libogg_static", "OpusComponent\src\libogg\libogg_static.vcxproj", "{15CBFEFF-7965-41F5-B4E2-21E8795C9159}"
EndProject
Project("{8BC9CEB8-8B4A-11D0-8D11-00A0C91BC942}") = "opusfile_winrt", "OpusComponent\src\opusfile_winrt\opusfile_winrt.vcxproj", "{3448342A-2165-438E-A5A3-2A832A985F98}"
EndProject
Project("{FAE04EC0-301F-11D3-BF4B-00C04F79EFBC}") = "YoutubeExtractor", "YoutubeExtractor\YoutubeExtractor.csproj", "{2ED009B9-CA0B-4A94-A44A-FA2ABFB316CC}"
EndProject
Project("{FAE04EC0-301F-11D3-BF4B-00C04F79EFBC}") = "LunaVK.Photo", "LunaVK.Photo\LunaVK.Photo.csproj", "{FBB1664D-A9EE-4E8C-B6DA-C6A64211C3D8}"
EndProject
Project("{FAE04EC0-301F-11D3-BF4B-00C04F79EFBC}") = "ScheduledUpdater", "LunaVK.ScheduledUpdater\ScheduledUpdater.csproj", "{9575DDA0-5D53-495F-8539-E8A397DB0EBD}"
EndProject
Project("{FAE04EC0-301F-11D3-BF4B-00C04F79EFBC}") = "XamlAnimatedGif", "XamlAnimatedGif\XamlAnimatedGif.csproj", "{7409419C-0D51-4AA3-8C04-6EE9B3961821}"
EndProject
Project("{FAE04EC0-301F-11D3-BF4B-00C04F79EFBC}") = "LottieUWP", "LottieUWP\LottieUWP.csproj", "{67AF4959-B9D6-4C81-B4B7-6B523E33469F}"
EndProject
Global
	GlobalSection(SolutionConfigurationPlatforms) = preSolution
		Debug|Any CPU = Debug|Any CPU
		Debug|ARM = Debug|ARM
		Debug|ARM64 = Debug|ARM64
		Debug|x64 = Debug|x64
		Debug|x86 = Debug|x86
		Release|Any CPU = Release|Any CPU
		Release|ARM = Release|ARM
		Release|ARM64 = Release|ARM64
		Release|x64 = Release|x64
		Release|x86 = Release|x86
	EndGlobalSection
	GlobalSection(ProjectConfigurationPlatforms) = postSolution
		{5A006056-DE5D-4C1A-B0B6-DEF185B3EB09}.Debug|Any CPU.ActiveCfg = Debug|x86
		{5A006056-DE5D-4C1A-B0B6-DEF185B3EB09}.Debug|ARM.ActiveCfg = Debug|ARM
		{5A006056-DE5D-4C1A-B0B6-DEF185B3EB09}.Debug|ARM.Build.0 = Debug|ARM
		{5A006056-DE5D-4C1A-B0B6-DEF185B3EB09}.Debug|ARM.Deploy.0 = Debug|ARM
		{5A006056-DE5D-4C1A-B0B6-DEF185B3EB09}.Debug|ARM64.ActiveCfg = Debug|x86
		{5A006056-DE5D-4C1A-B0B6-DEF185B3EB09}.Debug|x64.ActiveCfg = Debug|x64
		{5A006056-DE5D-4C1A-B0B6-DEF185B3EB09}.Debug|x64.Build.0 = Debug|x64
		{5A006056-DE5D-4C1A-B0B6-DEF185B3EB09}.Debug|x64.Deploy.0 = Debug|x64
		{5A006056-DE5D-4C1A-B0B6-DEF185B3EB09}.Debug|x86.ActiveCfg = Debug|x86
		{5A006056-DE5D-4C1A-B0B6-DEF185B3EB09}.Debug|x86.Build.0 = Debug|x86
		{5A006056-DE5D-4C1A-B0B6-DEF185B3EB09}.Debug|x86.Deploy.0 = Debug|x86
		{5A006056-DE5D-4C1A-B0B6-DEF185B3EB09}.Release|Any CPU.ActiveCfg = Release|x86
		{5A006056-DE5D-4C1A-B0B6-DEF185B3EB09}.Release|ARM.ActiveCfg = Release|ARM
		{5A006056-DE5D-4C1A-B0B6-DEF185B3EB09}.Release|ARM.Build.0 = Release|ARM
		{5A006056-DE5D-4C1A-B0B6-DEF185B3EB09}.Release|ARM.Deploy.0 = Release|ARM
		{5A006056-DE5D-4C1A-B0B6-DEF185B3EB09}.Release|ARM64.ActiveCfg = Release|x86
		{5A006056-DE5D-4C1A-B0B6-DEF185B3EB09}.Release|x64.ActiveCfg = Release|x64
		{5A006056-DE5D-4C1A-B0B6-DEF185B3EB09}.Release|x64.Build.0 = Release|x64
		{5A006056-DE5D-4C1A-B0B6-DEF185B3EB09}.Release|x64.Deploy.0 = Release|x64
		{5A006056-DE5D-4C1A-B0B6-DEF185B3EB09}.Release|x86.ActiveCfg = Release|x86
		{5A006056-DE5D-4C1A-B0B6-DEF185B3EB09}.Release|x86.Build.0 = Release|x86
		{5A006056-DE5D-4C1A-B0B6-DEF185B3EB09}.Release|x86.Deploy.0 = Release|x86
		{AC3F2441-A0A3-4D9F-A35E-E2DEBB393C13}.Debug|Any CPU.ActiveCfg = Debug|Any CPU
		{AC3F2441-A0A3-4D9F-A35E-E2DEBB393C13}.Debug|Any CPU.Build.0 = Debug|Any CPU
		{AC3F2441-A0A3-4D9F-A35E-E2DEBB393C13}.Debug|ARM.ActiveCfg = Debug|ARM
		{AC3F2441-A0A3-4D9F-A35E-E2DEBB393C13}.Debug|ARM.Build.0 = Debug|ARM
		{AC3F2441-A0A3-4D9F-A35E-E2DEBB393C13}.Debug|ARM64.ActiveCfg = Debug|Any CPU
		{AC3F2441-A0A3-4D9F-A35E-E2DEBB393C13}.Debug|ARM64.Build.0 = Debug|Any CPU
		{AC3F2441-A0A3-4D9F-A35E-E2DEBB393C13}.Debug|x64.ActiveCfg = Debug|x64
		{AC3F2441-A0A3-4D9F-A35E-E2DEBB393C13}.Debug|x64.Build.0 = Debug|x64
		{AC3F2441-A0A3-4D9F-A35E-E2DEBB393C13}.Debug|x86.ActiveCfg = Debug|x86
		{AC3F2441-A0A3-4D9F-A35E-E2DEBB393C13}.Debug|x86.Build.0 = Debug|x86
		{AC3F2441-A0A3-4D9F-A35E-E2DEBB393C13}.Release|Any CPU.ActiveCfg = Release|Any CPU
		{AC3F2441-A0A3-4D9F-A35E-E2DEBB393C13}.Release|Any CPU.Build.0 = Release|Any CPU
		{AC3F2441-A0A3-4D9F-A35E-E2DEBB393C13}.Release|ARM.ActiveCfg = Release|ARM
		{AC3F2441-A0A3-4D9F-A35E-E2DEBB393C13}.Release|ARM.Build.0 = Release|ARM
		{AC3F2441-A0A3-4D9F-A35E-E2DEBB393C13}.Release|ARM64.ActiveCfg = Release|Any CPU
		{AC3F2441-A0A3-4D9F-A35E-E2DEBB393C13}.Release|ARM64.Build.0 = Release|Any CPU
		{AC3F2441-A0A3-4D9F-A35E-E2DEBB393C13}.Release|x64.ActiveCfg = Release|x64
		{AC3F2441-A0A3-4D9F-A35E-E2DEBB393C13}.Release|x64.Build.0 = Release|x64
		{AC3F2441-A0A3-4D9F-A35E-E2DEBB393C13}.Release|x86.ActiveCfg = Release|x86
		{AC3F2441-A0A3-4D9F-A35E-E2DEBB393C13}.Release|x86.Build.0 = Release|x86
		{E98AC68F-08C1-4829-927C-A2D62CEFE0ED}.Debug|Any CPU.ActiveCfg = Debug|Any CPU
		{E98AC68F-08C1-4829-927C-A2D62CEFE0ED}.Debug|Any CPU.Build.0 = Debug|Any CPU
		{E98AC68F-08C1-4829-927C-A2D62CEFE0ED}.Debug|ARM.ActiveCfg = Debug|ARM
		{E98AC68F-08C1-4829-927C-A2D62CEFE0ED}.Debug|ARM.Build.0 = Debug|ARM
		{E98AC68F-08C1-4829-927C-A2D62CEFE0ED}.Debug|ARM64.ActiveCfg = Debug|Any CPU
		{E98AC68F-08C1-4829-927C-A2D62CEFE0ED}.Debug|ARM64.Build.0 = Debug|Any CPU
		{E98AC68F-08C1-4829-927C-A2D62CEFE0ED}.Debug|x64.ActiveCfg = Debug|x64
		{E98AC68F-08C1-4829-927C-A2D62CEFE0ED}.Debug|x64.Build.0 = Debug|x64
		{E98AC68F-08C1-4829-927C-A2D62CEFE0ED}.Debug|x86.ActiveCfg = Debug|x86
		{E98AC68F-08C1-4829-927C-A2D62CEFE0ED}.Debug|x86.Build.0 = Debug|x86
		{E98AC68F-08C1-4829-927C-A2D62CEFE0ED}.Release|Any CPU.ActiveCfg = Release|Any CPU
		{E98AC68F-08C1-4829-927C-A2D62CEFE0ED}.Release|Any CPU.Build.0 = Release|Any CPU
		{E98AC68F-08C1-4829-927C-A2D62CEFE0ED}.Release|ARM.ActiveCfg = Release|ARM
		{E98AC68F-08C1-4829-927C-A2D62CEFE0ED}.Release|ARM.Build.0 = Release|ARM
		{E98AC68F-08C1-4829-927C-A2D62CEFE0ED}.Release|ARM64.ActiveCfg = Release|Any CPU
		{E98AC68F-08C1-4829-927C-A2D62CEFE0ED}.Release|ARM64.Build.0 = Release|Any CPU
		{E98AC68F-08C1-4829-927C-A2D62CEFE0ED}.Release|x64.ActiveCfg = Release|x64
		{E98AC68F-08C1-4829-927C-A2D62CEFE0ED}.Release|x64.Build.0 = Release|x64
		{E98AC68F-08C1-4829-927C-A2D62CEFE0ED}.Release|x86.ActiveCfg = Release|x86
		{E98AC68F-08C1-4829-927C-A2D62CEFE0ED}.Release|x86.Build.0 = Release|x86
		{62A6999F-9124-4A25-97FA-380FF756163A}.Debug|Any CPU.ActiveCfg = Debug|Any CPU
		{62A6999F-9124-4A25-97FA-380FF756163A}.Debug|Any CPU.Build.0 = Debug|Any CPU
		{62A6999F-9124-4A25-97FA-380FF756163A}.Debug|ARM.ActiveCfg = Debug|ARM
		{62A6999F-9124-4A25-97FA-380FF756163A}.Debug|ARM.Build.0 = Debug|ARM
		{62A6999F-9124-4A25-97FA-380FF756163A}.Debug|ARM64.ActiveCfg = Debug|Any CPU
		{62A6999F-9124-4A25-97FA-380FF756163A}.Debug|ARM64.Build.0 = Debug|Any CPU
		{62A6999F-9124-4A25-97FA-380FF756163A}.Debug|x64.ActiveCfg = Debug|x64
		{62A6999F-9124-4A25-97FA-380FF756163A}.Debug|x64.Build.0 = Debug|x64
		{62A6999F-9124-4A25-97FA-380FF756163A}.Debug|x86.ActiveCfg = Debug|x86
		{62A6999F-9124-4A25-97FA-380FF756163A}.Debug|x86.Build.0 = Debug|x86
		{62A6999F-9124-4A25-97FA-380FF756163A}.Release|Any CPU.ActiveCfg = Release|Any CPU
		{62A6999F-9124-4A25-97FA-380FF756163A}.Release|Any CPU.Build.0 = Release|Any CPU
		{62A6999F-9124-4A25-97FA-380FF756163A}.Release|ARM.ActiveCfg = Release|ARM
		{62A6999F-9124-4A25-97FA-380FF756163A}.Release|ARM.Build.0 = Release|ARM
		{62A6999F-9124-4A25-97FA-380FF756163A}.Release|ARM64.ActiveCfg = Release|Any CPU
		{62A6999F-9124-4A25-97FA-380FF756163A}.Release|ARM64.Build.0 = Release|Any CPU
		{62A6999F-9124-4A25-97FA-380FF756163A}.Release|x64.ActiveCfg = Release|x64
		{62A6999F-9124-4A25-97FA-380FF756163A}.Release|x64.Build.0 = Release|x64
		{62A6999F-9124-4A25-97FA-380FF756163A}.Release|x86.ActiveCfg = Release|x86
		{62A6999F-9124-4A25-97FA-380FF756163A}.Release|x86.Build.0 = Release|x86
		{219EC965-228A-1824-174D-96449D05F88A}.Debug|Any CPU.ActiveCfg = Debug|Win32
		{219EC965-228A-1824-174D-96449D05F88A}.Debug|ARM.ActiveCfg = Debug|ARM
		{219EC965-228A-1824-174D-96449D05F88A}.Debug|ARM.Build.0 = Debug|ARM
		{219EC965-228A-1824-174D-96449D05F88A}.Debug|ARM64.ActiveCfg = Debug|Win32
		{219EC965-228A-1824-174D-96449D05F88A}.Debug|x64.ActiveCfg = Debug|Win32
		{219EC965-228A-1824-174D-96449D05F88A}.Debug|x86.ActiveCfg = Debug|Win32
		{219EC965-228A-1824-174D-96449D05F88A}.Debug|x86.Build.0 = Debug|Win32
		{219EC965-228A-1824-174D-96449D05F88A}.Release|Any CPU.ActiveCfg = Release|Win32
		{219EC965-228A-1824-174D-96449D05F88A}.Release|ARM.ActiveCfg = Release|ARM
		{219EC965-228A-1824-174D-96449D05F88A}.Release|ARM.Build.0 = Release|ARM
		{219EC965-228A-1824-174D-96449D05F88A}.Release|ARM64.ActiveCfg = Release|Win32
		{219EC965-228A-1824-174D-96449D05F88A}.Release|x64.ActiveCfg = Release|Win32
		{219EC965-228A-1824-174D-96449D05F88A}.Release|x86.ActiveCfg = Release|Win32
		{1A4B5203-52EB-4805-9511-84B1BD094FCA}.Debug|Any CPU.ActiveCfg = Debug|Win32
		{1A4B5203-52EB-4805-9511-84B1BD094FCA}.Debug|ARM.ActiveCfg = Debug|ARM
		{1A4B5203-52EB-4805-9511-84B1BD094FCA}.Debug|ARM.Build.0 = Debug|ARM
		{1A4B5203-52EB-4805-9511-84B1BD094FCA}.Debug|ARM64.ActiveCfg = Debug|Win32
		{1A4B5203-52EB-4805-9511-84B1BD094FCA}.Debug|x64.ActiveCfg = Debug|Win32
		{1A4B5203-52EB-4805-9511-84B1BD094FCA}.Debug|x86.ActiveCfg = Debug|Win32
		{1A4B5203-52EB-4805-9511-84B1BD094FCA}.Debug|x86.Build.0 = Debug|Win32
		{1A4B5203-52EB-4805-9511-84B1BD094FCA}.Release|Any CPU.ActiveCfg = Release|Win32
		{1A4B5203-52EB-4805-9511-84B1BD094FCA}.Release|ARM.ActiveCfg = Release|ARM
		{1A4B5203-52EB-4805-9511-84B1BD094FCA}.Release|ARM.Build.0 = Release|ARM
		{1A4B5203-52EB-4805-9511-84B1BD094FCA}.Release|ARM64.ActiveCfg = Release|Win32
		{1A4B5203-52EB-4805-9511-84B1BD094FCA}.Release|x64.ActiveCfg = Release|Win32
		{1A4B5203-52EB-4805-9511-84B1BD094FCA}.Release|x86.ActiveCfg = Release|Win32
		{245603E3-F580-41A5-9632-B25FE3372CBF}.Debug|Any CPU.ActiveCfg = Debug|Win32
		{245603E3-F580-41A5-9632-B25FE3372CBF}.Debug|ARM.ActiveCfg = Debug|ARM
		{245603E3-F580-41A5-9632-B25FE3372CBF}.Debug|ARM.Build.0 = Debug|ARM
		{245603E3-F580-41A5-9632-B25FE3372CBF}.Debug|ARM64.ActiveCfg = Debug|Win32
		{245603E3-F580-41A5-9632-B25FE3372CBF}.Debug|x64.ActiveCfg = Debug|Win32
		{245603E3-F580-41A5-9632-B25FE3372CBF}.Debug|x86.ActiveCfg = Debug|Win32
		{245603E3-F580-41A5-9632-B25FE3372CBF}.Debug|x86.Build.0 = Debug|Win32
		{245603E3-F580-41A5-9632-B25FE3372CBF}.Release|Any CPU.ActiveCfg = Release|Win32
		{245603E3-F580-41A5-9632-B25FE3372CBF}.Release|ARM.ActiveCfg = Release|ARM
		{245603E3-F580-41A5-9632-B25FE3372CBF}.Release|ARM.Build.0 = Release|ARM
		{245603E3-F580-41A5-9632-B25FE3372CBF}.Release|ARM64.ActiveCfg = Release|Win32
		{245603E3-F580-41A5-9632-B25FE3372CBF}.Release|x64.ActiveCfg = Release|Win32
		{245603E3-F580-41A5-9632-B25FE3372CBF}.Release|x86.ActiveCfg = Release|Win32
		{9C4961D2-5DDB-40C7-9BE8-CA918DC4E782}.Debug|Any CPU.ActiveCfg = Debug|Win32
		{9C4961D2-5DDB-40C7-9BE8-CA918DC4E782}.Debug|ARM.ActiveCfg = Debug|ARM
		{9C4961D2-5DDB-40C7-9BE8-CA918DC4E782}.Debug|ARM.Build.0 = Debug|ARM
		{9C4961D2-5DDB-40C7-9BE8-CA918DC4E782}.Debug|ARM64.ActiveCfg = Debug|Win32
		{9C4961D2-5DDB-40C7-9BE8-CA918DC4E782}.Debug|x64.ActiveCfg = Debug|Win32
		{9C4961D2-5DDB-40C7-9BE8-CA918DC4E782}.Debug|x86.ActiveCfg = Debug|Win32
		{9C4961D2-5DDB-40C7-9BE8-CA918DC4E782}.Debug|x86.Build.0 = Debug|Win32
		{9C4961D2-5DDB-40C7-9BE8-CA918DC4E782}.Release|Any CPU.ActiveCfg = Release|Win32
		{9C4961D2-5DDB-40C7-9BE8-CA918DC4E782}.Release|ARM.ActiveCfg = Release|ARM
		{9C4961D2-5DDB-40C7-9BE8-CA918DC4E782}.Release|ARM.Build.0 = Release|ARM
		{9C4961D2-5DDB-40C7-9BE8-CA918DC4E782}.Release|ARM64.ActiveCfg = Release|Win32
		{9C4961D2-5DDB-40C7-9BE8-CA918DC4E782}.Release|x64.ActiveCfg = Release|Win32
		{9C4961D2-5DDB-40C7-9BE8-CA918DC4E782}.Release|x86.ActiveCfg = Release|Win32
		{C303D2FC-FF97-49B8-9DDD-467B4C9A0B16}.Debug|Any CPU.ActiveCfg = Debug|Win32
		{C303D2FC-FF97-49B8-9DDD-467B4C9A0B16}.Debug|ARM.ActiveCfg = Debug|ARM
		{C303D2FC-FF97-49B8-9DDD-467B4C9A0B16}.Debug|ARM.Build.0 = Debug|ARM
		{C303D2FC-FF97-49B8-9DDD-467B4C9A0B16}.Debug|ARM64.ActiveCfg = Debug|Win32
		{C303D2FC-FF97-49B8-9DDD-467B4C9A0B16}.Debug|x64.ActiveCfg = Debug|Win32
		{C303D2FC-FF97-49B8-9DDD-467B4C9A0B16}.Debug|x86.ActiveCfg = Debug|Win32
		{C303D2FC-FF97-49B8-9DDD-467B4C9A0B16}.Debug|x86.Build.0 = Debug|Win32
		{C303D2FC-FF97-49B8-9DDD-467B4C9A0B16}.Release|Any CPU.ActiveCfg = Release|Win32
		{C303D2FC-FF97-49B8-9DDD-467B4C9A0B16}.Release|ARM.ActiveCfg = Release|ARM
		{C303D2FC-FF97-49B8-9DDD-467B4C9A0B16}.Release|ARM.Build.0 = Release|ARM
		{C303D2FC-FF97-49B8-9DDD-467B4C9A0B16}.Release|ARM64.ActiveCfg = Release|Win32
		{C303D2FC-FF97-49B8-9DDD-467B4C9A0B16}.Release|x64.ActiveCfg = Release|Win32
		{C303D2FC-FF97-49B8-9DDD-467B4C9A0B16}.Release|x86.ActiveCfg = Release|Win32
		{8484C90D-1561-402F-A91D-2DB10F8C5171}.Debug|Any CPU.ActiveCfg = Debug|Win32
		{8484C90D-1561-402F-A91D-2DB10F8C5171}.Debug|ARM.ActiveCfg = Debug|ARM
		{8484C90D-1561-402F-A91D-2DB10F8C5171}.Debug|ARM.Build.0 = Debug|ARM
		{8484C90D-1561-402F-A91D-2DB10F8C5171}.Debug|ARM64.ActiveCfg = Debug|Win32
		{8484C90D-1561-402F-A91D-2DB10F8C5171}.Debug|x64.ActiveCfg = Debug|Win32
		{8484C90D-1561-402F-A91D-2DB10F8C5171}.Debug|x86.ActiveCfg = Debug|Win32
		{8484C90D-1561-402F-A91D-2DB10F8C5171}.Debug|x86.Build.0 = Debug|Win32
		{8484C90D-1561-402F-A91D-2DB10F8C5171}.Release|Any CPU.ActiveCfg = Release|Win32
		{8484C90D-1561-402F-A91D-2DB10F8C5171}.Release|ARM.ActiveCfg = Release|ARM
		{8484C90D-1561-402F-A91D-2DB10F8C5171}.Release|ARM.Build.0 = Release|ARM
		{8484C90D-1561-402F-A91D-2DB10F8C5171}.Release|ARM64.ActiveCfg = Release|Win32
		{8484C90D-1561-402F-A91D-2DB10F8C5171}.Release|x64.ActiveCfg = Release|Win32
		{8484C90D-1561-402F-A91D-2DB10F8C5171}.Release|x86.ActiveCfg = Release|Win32
		{15CBFEFF-7965-41F5-B4E2-21E8795C9159}.Debug|Any CPU.ActiveCfg = Debug|Win32
		{15CBFEFF-7965-41F5-B4E2-21E8795C9159}.Debug|ARM.ActiveCfg = Debug|ARM
		{15CBFEFF-7965-41F5-B4E2-21E8795C9159}.Debug|ARM.Build.0 = Debug|ARM
		{15CBFEFF-7965-41F5-B4E2-21E8795C9159}.Debug|ARM64.ActiveCfg = Debug|Win32
		{15CBFEFF-7965-41F5-B4E2-21E8795C9159}.Debug|x64.ActiveCfg = Debug|Win32
		{15CBFEFF-7965-41F5-B4E2-21E8795C9159}.Debug|x86.ActiveCfg = Debug|Win32
		{15CBFEFF-7965-41F5-B4E2-21E8795C9159}.Debug|x86.Build.0 = Debug|Win32
		{15CBFEFF-7965-41F5-B4E2-21E8795C9159}.Release|Any CPU.ActiveCfg = Release|Win32
		{15CBFEFF-7965-41F5-B4E2-21E8795C9159}.Release|ARM.ActiveCfg = Release|ARM
		{15CBFEFF-7965-41F5-B4E2-21E8795C9159}.Release|ARM.Build.0 = Release|ARM
		{15CBFEFF-7965-41F5-B4E2-21E8795C9159}.Release|ARM64.ActiveCfg = Release|Win32
		{15CBFEFF-7965-41F5-B4E2-21E8795C9159}.Release|x64.ActiveCfg = Release|Win32
		{15CBFEFF-7965-41F5-B4E2-21E8795C9159}.Release|x86.ActiveCfg = Release|Win32
		{3448342A-2165-438E-A5A3-2A832A985F98}.Debug|Any CPU.ActiveCfg = Debug|Win32
		{3448342A-2165-438E-A5A3-2A832A985F98}.Debug|ARM.ActiveCfg = Debug|ARM
		{3448342A-2165-438E-A5A3-2A832A985F98}.Debug|ARM.Build.0 = Debug|ARM
		{3448342A-2165-438E-A5A3-2A832A985F98}.Debug|ARM64.ActiveCfg = Debug|Win32
		{3448342A-2165-438E-A5A3-2A832A985F98}.Debug|x64.ActiveCfg = Debug|Win32
		{3448342A-2165-438E-A5A3-2A832A985F98}.Debug|x86.ActiveCfg = Debug|Win32
		{3448342A-2165-438E-A5A3-2A832A985F98}.Debug|x86.Build.0 = Debug|Win32
		{3448342A-2165-438E-A5A3-2A832A985F98}.Release|Any CPU.ActiveCfg = Release|Win32
		{3448342A-2165-438E-A5A3-2A832A985F98}.Release|ARM.ActiveCfg = Release|ARM
		{3448342A-2165-438E-A5A3-2A832A985F98}.Release|ARM.Build.0 = Release|ARM
		{3448342A-2165-438E-A5A3-2A832A985F98}.Release|ARM64.ActiveCfg = Release|Win32
		{3448342A-2165-438E-A5A3-2A832A985F98}.Release|x64.ActiveCfg = Release|Win32
		{3448342A-2165-438E-A5A3-2A832A985F98}.Release|x86.ActiveCfg = Release|Win32
		{2ED009B9-CA0B-4A94-A44A-FA2ABFB316CC}.Debug|Any CPU.ActiveCfg = Debug|Any CPU
		{2ED009B9-CA0B-4A94-A44A-FA2ABFB316CC}.Debug|Any CPU.Build.0 = Debug|Any CPU
		{2ED009B9-CA0B-4A94-A44A-FA2ABFB316CC}.Debug|ARM.ActiveCfg = Debug|ARM
		{2ED009B9-CA0B-4A94-A44A-FA2ABFB316CC}.Debug|ARM.Build.0 = Debug|ARM
		{2ED009B9-CA0B-4A94-A44A-FA2ABFB316CC}.Debug|ARM64.ActiveCfg = Debug|Any CPU
		{2ED009B9-CA0B-4A94-A44A-FA2ABFB316CC}.Debug|ARM64.Build.0 = Debug|Any CPU
		{2ED009B9-CA0B-4A94-A44A-FA2ABFB316CC}.Debug|x64.ActiveCfg = Debug|x64
		{2ED009B9-CA0B-4A94-A44A-FA2ABFB316CC}.Debug|x64.Build.0 = Debug|x64
		{2ED009B9-CA0B-4A94-A44A-FA2ABFB316CC}.Debug|x86.ActiveCfg = Debug|x86
		{2ED009B9-CA0B-4A94-A44A-FA2ABFB316CC}.Debug|x86.Build.0 = Debug|x86
		{2ED009B9-CA0B-4A94-A44A-FA2ABFB316CC}.Release|Any CPU.ActiveCfg = Release|Any CPU
		{2ED009B9-CA0B-4A94-A44A-FA2ABFB316CC}.Release|Any CPU.Build.0 = Release|Any CPU
		{2ED009B9-CA0B-4A94-A44A-FA2ABFB316CC}.Release|ARM.ActiveCfg = Release|ARM
		{2ED009B9-CA0B-4A94-A44A-FA2ABFB316CC}.Release|ARM.Build.0 = Release|ARM
		{2ED009B9-CA0B-4A94-A44A-FA2ABFB316CC}.Release|ARM64.ActiveCfg = Release|Any CPU
		{2ED009B9-CA0B-4A94-A44A-FA2ABFB316CC}.Release|ARM64.Build.0 = Release|Any CPU
		{2ED009B9-CA0B-4A94-A44A-FA2ABFB316CC}.Release|x64.ActiveCfg = Release|x64
		{2ED009B9-CA0B-4A94-A44A-FA2ABFB316CC}.Release|x64.Build.0 = Release|x64
		{2ED009B9-CA0B-4A94-A44A-FA2ABFB316CC}.Release|x86.ActiveCfg = Release|x86
		{2ED009B9-CA0B-4A94-A44A-FA2ABFB316CC}.Release|x86.Build.0 = Release|x86
		{FBB1664D-A9EE-4E8C-B6DA-C6A64211C3D8}.Debug|Any CPU.ActiveCfg = Debug|Any CPU
		{FBB1664D-A9EE-4E8C-B6DA-C6A64211C3D8}.Debug|Any CPU.Build.0 = Debug|Any CPU
		{FBB1664D-A9EE-4E8C-B6DA-C6A64211C3D8}.Debug|ARM.ActiveCfg = Debug|ARM
		{FBB1664D-A9EE-4E8C-B6DA-C6A64211C3D8}.Debug|ARM.Build.0 = Debug|ARM
		{FBB1664D-A9EE-4E8C-B6DA-C6A64211C3D8}.Debug|ARM64.ActiveCfg = Debug|ARM64
		{FBB1664D-A9EE-4E8C-B6DA-C6A64211C3D8}.Debug|ARM64.Build.0 = Debug|ARM64
		{FBB1664D-A9EE-4E8C-B6DA-C6A64211C3D8}.Debug|x64.ActiveCfg = Debug|x64
		{FBB1664D-A9EE-4E8C-B6DA-C6A64211C3D8}.Debug|x64.Build.0 = Debug|x64
		{FBB1664D-A9EE-4E8C-B6DA-C6A64211C3D8}.Debug|x86.ActiveCfg = Debug|x86
		{FBB1664D-A9EE-4E8C-B6DA-C6A64211C3D8}.Debug|x86.Build.0 = Debug|x86
		{FBB1664D-A9EE-4E8C-B6DA-C6A64211C3D8}.Release|Any CPU.ActiveCfg = Release|Any CPU
		{FBB1664D-A9EE-4E8C-B6DA-C6A64211C3D8}.Release|Any CPU.Build.0 = Release|Any CPU
		{FBB1664D-A9EE-4E8C-B6DA-C6A64211C3D8}.Release|ARM.ActiveCfg = Release|ARM
		{FBB1664D-A9EE-4E8C-B6DA-C6A64211C3D8}.Release|ARM.Build.0 = Release|ARM
		{FBB1664D-A9EE-4E8C-B6DA-C6A64211C3D8}.Release|ARM64.ActiveCfg = Release|ARM64
		{FBB1664D-A9EE-4E8C-B6DA-C6A64211C3D8}.Release|ARM64.Build.0 = Release|ARM64
		{FBB1664D-A9EE-4E8C-B6DA-C6A64211C3D8}.Release|x64.ActiveCfg = Release|x64
		{FBB1664D-A9EE-4E8C-B6DA-C6A64211C3D8}.Release|x64.Build.0 = Release|x64
		{FBB1664D-A9EE-4E8C-B6DA-C6A64211C3D8}.Release|x86.ActiveCfg = Release|x86
		{FBB1664D-A9EE-4E8C-B6DA-C6A64211C3D8}.Release|x86.Build.0 = Release|x86
		{9575DDA0-5D53-495F-8539-E8A397DB0EBD}.Debug|Any CPU.ActiveCfg = Debug|Any CPU
		{9575DDA0-5D53-495F-8539-E8A397DB0EBD}.Debug|Any CPU.Build.0 = Debug|Any CPU
		{9575DDA0-5D53-495F-8539-E8A397DB0EBD}.Debug|ARM.ActiveCfg = Debug|ARM
		{9575DDA0-5D53-495F-8539-E8A397DB0EBD}.Debug|ARM.Build.0 = Debug|ARM
		{9575DDA0-5D53-495F-8539-E8A397DB0EBD}.Debug|ARM64.ActiveCfg = Debug|ARM64
		{9575DDA0-5D53-495F-8539-E8A397DB0EBD}.Debug|ARM64.Build.0 = Debug|ARM64
		{9575DDA0-5D53-495F-8539-E8A397DB0EBD}.Debug|x64.ActiveCfg = Debug|x64
		{9575DDA0-5D53-495F-8539-E8A397DB0EBD}.Debug|x64.Build.0 = Debug|x64
		{9575DDA0-5D53-495F-8539-E8A397DB0EBD}.Debug|x86.ActiveCfg = Debug|x86
		{9575DDA0-5D53-495F-8539-E8A397DB0EBD}.Debug|x86.Build.0 = Debug|x86
		{9575DDA0-5D53-495F-8539-E8A397DB0EBD}.Release|Any CPU.ActiveCfg = Release|Any CPU
		{9575DDA0-5D53-495F-8539-E8A397DB0EBD}.Release|Any CPU.Build.0 = Release|Any CPU
		{9575DDA0-5D53-495F-8539-E8A397DB0EBD}.Release|ARM.ActiveCfg = Release|ARM
		{9575DDA0-5D53-495F-8539-E8A397DB0EBD}.Release|ARM.Build.0 = Release|ARM
		{9575DDA0-5D53-495F-8539-E8A397DB0EBD}.Release|ARM64.ActiveCfg = Release|ARM64
		{9575DDA0-5D53-495F-8539-E8A397DB0EBD}.Release|ARM64.Build.0 = Release|ARM64
		{9575DDA0-5D53-495F-8539-E8A397DB0EBD}.Release|x64.ActiveCfg = Release|x64
		{9575DDA0-5D53-495F-8539-E8A397DB0EBD}.Release|x64.Build.0 = Release|x64
		{9575DDA0-5D53-495F-8539-E8A397DB0EBD}.Release|x86.ActiveCfg = Release|x86
		{9575DDA0-5D53-495F-8539-E8A397DB0EBD}.Release|x86.Build.0 = Release|x86
		{7409419C-0D51-4AA3-8C04-6EE9B3961821}.Debug|Any CPU.ActiveCfg = Debug|Any CPU
		{7409419C-0D51-4AA3-8C04-6EE9B3961821}.Debug|Any CPU.Build.0 = Debug|Any CPU
		{7409419C-0D51-4AA3-8C04-6EE9B3961821}.Debug|ARM.ActiveCfg = Debug|ARM
		{7409419C-0D51-4AA3-8C04-6EE9B3961821}.Debug|ARM.Build.0 = Debug|ARM
		{7409419C-0D51-4AA3-8C04-6EE9B3961821}.Debug|ARM64.ActiveCfg = Debug|Any CPU
		{7409419C-0D51-4AA3-8C04-6EE9B3961821}.Debug|ARM64.Build.0 = Debug|Any CPU
		{7409419C-0D51-4AA3-8C04-6EE9B3961821}.Debug|x64.ActiveCfg = Debug|x64
		{7409419C-0D51-4AA3-8C04-6EE9B3961821}.Debug|x64.Build.0 = Debug|x64
		{7409419C-0D51-4AA3-8C04-6EE9B3961821}.Debug|x86.ActiveCfg = Debug|x86
		{7409419C-0D51-4AA3-8C04-6EE9B3961821}.Debug|x86.Build.0 = Debug|x86
		{7409419C-0D51-4AA3-8C04-6EE9B3961821}.Release|Any CPU.ActiveCfg = Release|Any CPU
		{7409419C-0D51-4AA3-8C04-6EE9B3961821}.Release|Any CPU.Build.0 = Release|Any CPU
		{7409419C-0D51-4AA3-8C04-6EE9B3961821}.Release|ARM.ActiveCfg = Release|ARM
		{7409419C-0D51-4AA3-8C04-6EE9B3961821}.Release|ARM.Build.0 = Release|ARM
		{7409419C-0D51-4AA3-8C04-6EE9B3961821}.Release|ARM64.ActiveCfg = Release|Any CPU
		{7409419C-0D51-4AA3-8C04-6EE9B3961821}.Release|ARM64.Build.0 = Release|Any CPU
		{7409419C-0D51-4AA3-8C04-6EE9B3961821}.Release|x64.ActiveCfg = Release|x64
		{7409419C-0D51-4AA3-8C04-6EE9B3961821}.Release|x64.Build.0 = Release|x64
		{7409419C-0D51-4AA3-8C04-6EE9B3961821}.Release|x86.ActiveCfg = Release|x86
		{7409419C-0D51-4AA3-8C04-6EE9B3961821}.Release|x86.Build.0 = Release|x86
		{67AF4959-B9D6-4C81-B4B7-6B523E33469F}.Debug|Any CPU.ActiveCfg = Debug|Any CPU
		{67AF4959-B9D6-4C81-B4B7-6B523E33469F}.Debug|Any CPU.Build.0 = Debug|Any CPU
		{67AF4959-B9D6-4C81-B4B7-6B523E33469F}.Debug|ARM.ActiveCfg = Debug|ARM
		{67AF4959-B9D6-4C81-B4B7-6B523E33469F}.Debug|ARM.Build.0 = Debug|ARM
		{67AF4959-B9D6-4C81-B4B7-6B523E33469F}.Debug|ARM64.ActiveCfg = Debug|ARM64
		{67AF4959-B9D6-4C81-B4B7-6B523E33469F}.Debug|ARM64.Build.0 = Debug|ARM64
		{67AF4959-B9D6-4C81-B4B7-6B523E33469F}.Debug|x64.ActiveCfg = Debug|x64
		{67AF4959-B9D6-4C81-B4B7-6B523E33469F}.Debug|x64.Build.0 = Debug|x64
		{67AF4959-B9D6-4C81-B4B7-6B523E33469F}.Debug|x86.ActiveCfg = Debug|x86
		{67AF4959-B9D6-4C81-B4B7-6B523E33469F}.Debug|x86.Build.0 = Debug|x86
		{67AF4959-B9D6-4C81-B4B7-6B523E33469F}.Release|Any CPU.ActiveCfg = Release|Any CPU
		{67AF4959-B9D6-4C81-B4B7-6B523E33469F}.Release|Any CPU.Build.0 = Release|Any CPU
		{67AF4959-B9D6-4C81-B4B7-6B523E33469F}.Release|ARM.ActiveCfg = Release|ARM
		{67AF4959-B9D6-4C81-B4B7-6B523E33469F}.Release|ARM.Build.0 = Release|ARM
		{67AF4959-B9D6-4C81-B4B7-6B523E33469F}.Release|ARM64.ActiveCfg = Release|ARM64
		{67AF4959-B9D6-4C81-B4B7-6B523E33469F}.Release|ARM64.Build.0 = Release|ARM64
		{67AF4959-B9D6-4C81-B4B7-6B523E33469F}.Release|x64.ActiveCfg = Release|x64
		{67AF4959-B9D6-4C81-B4B7-6B523E33469F}.Release|x64.Build.0 = Release|x64
		{67AF4959-B9D6-4C81-B4B7-6B523E33469F}.Release|x86.ActiveCfg = Release|x86
		{67AF4959-B9D6-4C81-B4B7-6B523E33469F}.Release|x86.Build.0 = Release|x86
	EndGlobalSection
	GlobalSection(SolutionProperties) = preSolution
		HideSolutionNode = FALSE
	EndGlobalSection
	GlobalSection(NestedProjects) = preSolution
		{219EC965-228A-1824-174D-96449D05F88A} = {CBA415FF-BE4E-443E-B388-F2ADC3935940}
		{1A4B5203-52EB-4805-9511-84B1BD094FCA} = {CBA415FF-BE4E-443E-B388-F2ADC3935940}
		{245603E3-F580-41A5-9632-B25FE3372CBF} = {CBA415FF-BE4E-443E-B388-F2ADC3935940}
		{9C4961D2-5DDB-40C7-9BE8-CA918DC4E782} = {CBA415FF-BE4E-443E-B388-F2ADC3935940}
		{C303D2FC-FF97-49B8-9DDD-467B4C9A0B16} = {CBA415FF-BE4E-443E-B388-F2ADC3935940}
		{8484C90D-1561-402F-A91D-2DB10F8C5171} = {CBA415FF-BE4E-443E-B388-F2ADC3935940}
		{15CBFEFF-7965-41F5-B4E2-21E8795C9159} = {CBA415FF-BE4E-443E-B388-F2ADC3935940}
		{3448342A-2165-438E-A5A3-2A832A985F98} = {CBA415FF-BE4E-443E-B388-F2ADC3935940}
	EndGlobalSection
	GlobalSection(ExtensibilityGlobals) = postSolution
		SolutionGuid = {6648FE93-9D13-4287-906D-B464908B7AA5}
	EndGlobalSection
EndGlobal
